<?xml version="1.0" encoding="UTF-8"?>
<Scheme
   LastUpgradeVersion = "1240"
   version = "1.3">
   <BuildAction
      parallelizeBuildables = "YES"
      buildImplicitDependencies = "YES">
      <BuildActionEntries>
         <BuildActionEntry
            buildForTesting = "YES"
            buildForRunning = "YES"
            buildForProfiling = "YES"
            buildForArchiving = "YES"
            buildForAnalyzing = "YES">
            <BuildableReference
               BuildableIdentifier = "primary"
               BlueprintIdentifier = "7CDE257425C125D80048B3CC"
               BuildableName = "Calculator Pro.app"
               BlueprintName = "Calculator Pro"
               ReferencedContainer = "container:My &#x1100;&#x1168;&#x1109;&#x1161;&#x11ab;&#x1100;&#x1175;.xcodeproj">
            </BuildableReference>
         </BuildActionEntry>
      </BuildActionEntries>
   </BuildAction>
   <TestAction
      buildConfiguration = "Debug"
      selectedDebuggerIdentifier = "Xcode.DebuggerFoundation.Debugger.LLDB"
      selectedLauncherIdentifier = "Xcode.DebuggerFoundation.Launcher.LLDB"
      shouldUseLaunchSchemeArgsEnv = "YES">
      <Testables>
         <TestableReference
            skipped = "NO">
            <BuildableReference
               BuildableIdentifier = "primary"
               BlueprintIdentifier = "7CDE258A25C125DB0048B3CC"
               BuildableName = "Calculator ProTests.xctest"
               BlueprintName = "Calculator ProTests"
               ReferencedContainer = "container:My &#x1100;&#x1168;&#x1109;&#x1161;&#x11ab;&#x1100;&#x1175;.xcodeproj">
            </BuildableReference>
         </TestableReference>
         <TestableReference
            skipped = "NO">
            <BuildableReference
               BuildableIdentifier = "primary"
               BlueprintIdentifier = "7CDE259525C125DB0048B3CC"
               BuildableName = "Calculator ProUITests.xctest"
               BlueprintName = "Calculator ProUITests"
               ReferencedContainer = "container:My &#x1100;&#x1168;&#x1109;&#x1161;&#x11ab;&#x1100;&#x1175;.xcodeproj">
            </BuildableReference>
         </TestableReference>
      </Testables>
   </TestAction>
   <LaunchAction
      buildConfiguration = "Debug"
      selectedDebuggerIdentifier = "Xcode.DebuggerFoundation.Debugger.LLDB"
      selectedLauncherIdentifier = "Xcode.DebuggerFoundation.Launcher.LLDB"
      launchStyle = "0"
      useCustomWorkingDirectory = "NO"
      ignoresPersistentStateOnLaunch = "NO"
      debugDocumentVersioning = "YES"
      debugServiceExtension = "internal"
      allowLocationSimulation = "YES">
      <BuildableProductRunnable
         runnableDebuggingMode = "0">
         <BuildableReference
            BuildableIdentifier = "primary"
            BlueprintIdentifier = "7CDE257425C125D80048B3CC"
            BuildableName = "Calculator Pro.app"
            BlueprintName = "Calculator Pro"
            ReferencedContainer = "container:My &#x1100;&#x1168;&#x1109;&#x1161;&#x11ab;&#x1100;&#x1175;.xcodeproj">
         </BuildableReference>
      </BuildableProductRunnable>
   </LaunchAction>
   <ProfileAction
      buildConfiguration = "Release"
      shouldUseLaunchSchemeArgsEnv = "YES"
      savedToolIdentifier = ""
      useCustomWorkingDirectory = "NO"
      debugDocumentVersioning = "YES">
      <BuildableProductRunnable
         runnableDebuggingMode = "0">
         <BuildableReference
            BuildableIdentifier = "primary"
            BlueprintIdentifier = "7CDE257425C125D80048B3CC"
            BuildableName = "Calculator Pro.app"
            BlueprintName = "Calculator Pro"
            ReferencedContainer = "container:My &#x1100;&#x1168;&#x1109;&#x1161;&#x11ab;&#x1100;&#x1175;.xcodeproj">
         </BuildableReference>
      </BuildableProductRunnable>
   </ProfileAction>
   <AnalyzeAction
      buildConfiguration = "Debug">
   </AnalyzeAction>
   <ArchiveAction
      buildConfiguration = "Release"
      revealArchiveInOrganizer = "YES">
   </ArchiveAction>
</Scheme>
